// !$*UTF8*$!
{
	archiveVersion = 1;
	classes = {
	};
	objectVersion = 56;
	objects = {

/* Begin PBXBuildFile section */
		8F60D5502C29E9F400114C2C /* ChatAppDemoApp.swift in Sources */ = {isa = PBXBuildFile; fileRef = 8F60D54F2C29E9F400114C2C /* ChatAppDemoApp.swift */; };
		8F60D5522C29E9F400114C2C /* ContentView.swift in Sources */ = {isa = PBXBuildFile; fileRef = 8F60D5512C29E9F400114C2C /* ContentView.swift */; };
		8F60D5542C29E9F500114C2C /* Assets.xcassets in Resources */ = {isa = PBXBuildFile; fileRef = 8F60D5532C29E9F500114C2C /* Assets.xcassets */; };
		8F60D5572C29E9F500114C2C /* Preview Assets.xcassets in Resources */ = {isa = PBXBuildFile; fileRef = 8F60D5562C29E9F500114C2C /* Preview Assets.xcassets */; };
		8F60D55F2C2A063100114C2C /* TitleRow.swift in Sources */ = {isa = PBXBuildFile; fileRef = 8F60D55E2C2A063100114C2C /* TitleRow.swift */; };
		8F60D5622C2A091700114C2C /* Message.swift in Sources */ = {isa = PBXBuildFile; fileRef = 8F60D5612C2A091700114C2C /* Message.swift */; };
		8F60D5642C2A098200114C2C /* MessageBuble.swift in Sources */ = {isa = PBXBuildFile; fileRef = 8F60D5632C2A098200114C2C /* MessageBuble.swift */; };
		8F60D5662C2A0E3500114C2C /* Extensions.swift in Sources */ = {isa = PBXBuildFile; fileRef = 8F60D5652C2A0E3500114C2C /* Extensions.swift */; };
		8F60D5682C2A101000114C2C /* MessageField.swift in Sources */ = {isa = PBXBuildFile; fileRef = 8F60D5672C2A101000114C2C /* MessageField.swift */; };
		8F60D56A2C2A179100114C2C /* MessagesManager.swift in Sources */ = {isa = PBXBuildFile; fileRef = 8F60D5692C2A179100114C2C /* MessagesManager.swift */; };
		8F60D56D2C2A183500114C2C /* SwiftPhoenixClient in Frameworks */ = {isa = PBXBuildFile; productRef = 8F60D56C2C2A183500114C2C /* SwiftPhoenixClient */; };
/* End PBXBuildFile section */

/* Begin PBXFileReference section */
		8F60D54C2C29E9F400114C2C /* ChatAppDemo.app */ = {isa = PBXFileReference; explicitFileType = wrapper.application; includeInIndex = 0; path = ChatAppDemo.app; sourceTree = BUILT_PRODUCTS_DIR; };
		8F60D54F2C29E9F400114C2C /* ChatAppDemoApp.swift */ = {isa = PBXFileReference; lastKnownFileType = sourcecode.swift; path = ChatAppDemoApp.swift; sourceTree = "<group>"; };
		8F60D5512C29E9F400114C2C /* ContentView.swift */ = {isa = PBXFileReference; lastKnownFileType = sourcecode.swift; path = ContentView.swift; sourceTree = "<group>"; };
		8F60D5532C29E9F500114C2C /* Assets.xcassets */ = {isa = PBXFileReference; lastKnownFileType = folder.assetcatalog; path = Assets.xcassets; sourceTree = "<group>"; };
		8F60D5562C29E9F500114C2C /* Preview Assets.xcassets */ = {isa = PBXFileReference; lastKnownFileType = folder.assetcatalog; path = "Preview Assets.xcassets"; sourceTree = "<group>"; };
		8F60D55E2C2A063100114C2C /* TitleRow.swift */ = {isa = PBXFileReference; lastKnownFileType = sourcecode.swift; path = TitleRow.swift; sourceTree = "<group>"; };
		8F60D5612C2A091700114C2C /* Message.swift */ = {isa = PBXFileReference; lastKnownFileType = sourcecode.swift; path = Message.swift; sourceTree = "<group>"; };
		8F60D5632C2A098200114C2C /* MessageBuble.swift */ = {isa = PBXFileReference; lastKnownFileType = sourcecode.swift; path = MessageBuble.swift; sourceTree = "<group>"; };
		8F60D5652C2A0E3500114C2C /* Extensions.swift */ = {isa = PBXFileReference; lastKnownFileType = sourcecode.swift; path = Extensions.swift; sourceTree = "<group>"; };
		8F60D5672C2A101000114C2C /* MessageField.swift */ = {isa = PBXFileReference; lastKnownFileType = sourcecode.swift; path = MessageField.swift; sourceTree = "<group>"; };
		8F60D5692C2A179100114C2C /* MessagesManager.swift */ = {isa = PBXFileReference; lastKnownFileType = sourcecode.swift; path = MessagesManager.swift; sourceTree = "<group>"; };
/* End PBXFileReference section */

/* Begin PBXFrameworksBuildPhase section */
		8F60D5492C29E9F400114C2C /* Frameworks */ = {
			isa = PBXFrameworksBuildPhase;
			buildActionMask = 2147483647;
			files = (
				8F60D56D2C2A183500114C2C /* SwiftPhoenixClient in Frameworks */,
			);
			runOnlyForDeploymentPostprocessing = 0;
		};
/* End PBXFrameworksBuildPhase section */

/* Begin PBXGroup section */
		8F60D5432C29E9F400114C2C = {
			isa = PBXGroup;
			children = (
				8F60D54E2C29E9F400114C2C /* ChatAppDemo */,
				8F60D54D2C29E9F400114C2C /* Products */,
			);
			sourceTree = "<group>";
		};
		8F60D54D2C29E9F400114C2C /* Products */ = {
			isa = PBXGroup;
			children = (
				8F60D54C2C29E9F400114C2C /* ChatAppDemo.app */,
			);
			name = Products;
			sourceTree = "<group>";
		};
		8F60D54E2C29E9F400114C2C /* ChatAppDemo */ = {
			isa = PBXGroup;
			children = (
				8F60D54F2C29E9F400114C2C /* ChatAppDemoApp.swift */,
				8F60D5512C29E9F400114C2C /* ContentView.swift */,
				8F60D5652C2A0E3500114C2C /* Extensions.swift */,
				8F60D5602C2A08F000114C2C /* Models */,
				8F60D55D2C2A061A00114C2C /* Components */,
				8F60D5532C29E9F500114C2C /* Assets.xcassets */,
				8F60D5552C29E9F500114C2C /* Preview Content */,
				8F60D5692C2A179100114C2C /* MessagesManager.swift */,
			);
			path = ChatAppDemo;
			sourceTree = "<group>";
		};
		8F60D5552C29E9F500114C2C /* Preview Content */ = {
			isa = PBXGroup;
			children = (
				8F60D5562C29E9F500114C2C /* Preview Assets.xcassets */,
			);
			path = "Preview Content";
			sourceTree = "<group>";
		};
		8F60D55D2C2A061A00114C2C /* Components */ = {
			isa = PBXGroup;
			children = (
				8F60D55E2C2A063100114C2C /* TitleRow.swift */,
				8F60D5632C2A098200114C2C /* MessageBuble.swift */,
				8F60D5672C2A101000114C2C /* MessageField.swift */,
			);
			path = Components;
			sourceTree = "<group>";
		};
		8F60D5602C2A08F000114C2C /* Models */ = {
			isa = PBXGroup;
			children = (
				8F60D5612C2A091700114C2C /* Message.swift */,
			);
			path = Models;
			sourceTree = "<group>";
		};
/* End PBXGroup section */

/* Begin PBXNativeTarget section */
		8F60D54B2C29E9F400114C2C /* ChatAppDemo */ = {
			isa = PBXNativeTarget;
			buildConfigurationList = 8F60D55A2C29E9F500114C2C /* Build configuration list for PBXNativeTarget "ChatAppDemo" */;
			buildPhases = (
				8F60D5482C29E9F400114C2C /* Sources */,
				8F60D5492C29E9F400114C2C /* Frameworks */,
				8F60D54A2C29E9F400114C2C /* Resources */,
			);
			buildRules = (
			);
			dependencies = (
			);
			name = ChatAppDemo;
			packageProductDependencies = (
				8F60D56C2C2A183500114C2C /* SwiftPhoenixClient */,
			);
			productName = ChatAppDemo;
			productReference = 8F60D54C2C29E9F400114C2C /* ChatAppDemo.app */;
			productType = "com.apple.product-type.application";
		};
/* End PBXNativeTarget section */

/* Begin PBXProject section */
		8F60D5442C29E9F400114C2C /* Project object */ = {
			isa = PBXProject;
			attributes = {
				BuildIndependentTargetsInParallel = 1;
				LastSwiftUpdateCheck = 1540;
				LastUpgradeCheck = 1540;
				TargetAttributes = {
					8F60D54B2C29E9F400114C2C = {
						CreatedOnToolsVersion = 15.4;
					};
				};
			};
			buildConfigurationList = 8F60D5472C29E9F400114C2C /* Build configuration list for PBXProject "ChatAppDemo" */;
			compatibilityVersion = "Xcode 14.0";
			developmentRegion = en;
			hasScannedForEncodings = 0;
			knownRegions = (
				en,
				Base,
			);
			mainGroup = 8F60D5432C29E9F400114C2C;
			packageReferences = (
				8F60D56B2C2A183500114C2C /* XCRemoteSwiftPackageReference "SwiftPhoenixClient" */,
			);
			productRefGroup = 8F60D54D2C29E9F400114C2C /* Products */;
			projectDirPath = "";
			projectRoot = "";
			targets = (
				8F60D54B2C29E9F400114C2C /* ChatAppDemo */,
			);
		};
/* End PBXProject section */

/* Begin PBXResourcesBuildPhase section */
		8F60D54A2C29E9F400114C2C /* Resources */ = {
			isa = PBXResourcesBuildPhase;
			buildActionMask = 2147483647;
			files = (
				8F60D5572C29E9F500114C2C /* Preview Assets.xcassets in Resources */,
				8F60D5542C29E9F500114C2C /* Assets.xcassets in Resources */,
			);
			runOnlyForDeploymentPostprocessing = 0;
		};
/* End PBXResourcesBuildPhase section */

/* Begin PBXSourcesBuildPhase section */
		8F60D5482C29E9F400114C2C /* Sources */ = {
			isa = PBXSourcesBuildPhase;
			buildActionMask = 2147483647;
			files = (
				8F60D5522C29E9F400114C2C /* ContentView.swift in Sources */,
				8F60D5662C2A0E3500114C2C /* Extensions.swift in Sources */,
				8F60D5622C2A091700114C2C /* Message.swift in Sources */,
				8F60D5682C2A101000114C2C /* MessageField.swift in Sources */,
				8F60D5502C29E9F400114C2C /* ChatAppDemoApp.swift in Sources */,
				8F60D55F2C2A063100114C2C /* TitleRow.swift in Sources */,
				8F60D5642C2A098200114C2C /* MessageBuble.swift in Sources */,
				8F60D56A2C2A179100114C2C /* MessagesManager.swift in Sources */,
			);
			runOnlyForDeploymentPostprocessing = 0;
		};
/* End PBXSourcesBuildPhase section */

/* Begin XCBuildConfiguration section */
		8F60D5582C29E9F500114C2C /* Debug */ = {
			isa = XCBuildConfiguration;
			buildSettings = {
				ALWAYS_SEARCH_USER_PATHS = NO;
				ASSETCATALOG_COMPILER_GENERATE_SWIFT_ASSET_SYMBOL_EXTENSIONS = YES;
				CLANG_ANALYZER_NONNULL = YES;
				CLANG_ANALYZER_NUMBER_OBJECT_CONVERSION = YES_AGGRESSIVE;
				CLANG_CXX_LANGUAGE_STANDARD = "gnu++20";
				CLANG_ENABLE_MODULES = YES;
				CLANG_ENABLE_OBJC_ARC = YES;
				CLANG_ENABLE_OBJC_WEAK = YES;
				CLANG_WARN_BLOCK_CAPTURE_AUTORELEASING = YES;
				CLANG_WARN_BOOL_CONVERSION = YES;
				CLANG_WARN_COMMA = YES;
				CLANG_WARN_CONSTANT_CONVERSION = YES;
				CLANG_WARN_DEPRECATED_OBJC_IMPLEMENTATIONS = YES;
				CLANG_WARN_DIRECT_OBJC_ISA_USAGE = YES_ERROR;
				CLANG_WARN_DOCUMENTATION_COMMENTS = YES;
				CLANG_WARN_EMPTY_BODY = YES;
				CLANG_WARN_ENUM_CONVERSION = YES;
				CLANG_WARN_INFINITE_RECURSION = YES;
				CLANG_WARN_INT_CONVERSION = YES;
				CLANG_WARN_NON_LITERAL_NULL_CONVERSION = YES;
				CLANG_WARN_OBJC_IMPLICIT_RETAIN_SELF = YES;
				CLANG_WARN_OBJC_LITERAL_CONVERSION = YES;
				CLANG_WARN_OBJC_ROOT_CLASS = YES_ERROR;
				CLANG_WARN_QUOTED_INCLUDE_IN_FRAMEWORK_HEADER = YES;
				CLANG_WARN_RANGE_LOOP_ANALYSIS = YES;
				CLANG_WARN_STRICT_PROTOTYPES = YES;
				CLANG_WARN_SUSPICIOUS_MOVE = YES;
				CLANG_WARN_UNGUARDED_AVAILABILITY = YES_AGGRESSIVE;
				CLANG_WARN_UNREACHABLE_CODE = YES;
				CLANG_WARN__DUPLICATE_METHOD_MATCH = YES;
				COPY_PHASE_STRIP = NO;
				DEBUG_INFORMATION_FORMAT = dwarf;
				ENABLE_STRICT_OBJC_MSGSEND = YES;
				ENABLE_TESTABILITY = YES;
				ENABLE_USER_SCRIPT_SANDBOXING = YES;
				GCC_C_LANGUAGE_STANDARD = gnu17;
				GCC_DYNAMIC_NO_PIC = NO;
				GCC_NO_COMMON_BLOCKS = YES;
				GCC_OPTIMIZATION_LEVEL = 0;
				GCC_PREPROCESSOR_DEFINITIONS = (
					"DEBUG=1",
					"$(inherited)",
				);
				GCC_WARN_64_TO_32_BIT_CONVERSION = YES;
				GCC_WARN_ABOUT_RETURN_TYPE = YES_ERROR;
				GCC_WARN_UNDECLARED_SELECTOR = YES;
				GCC_WARN_UNINITIALIZED_AUTOS = YES_AGGRESSIVE;
				GCC_WARN_UNUSED_FUNCTION = YES;
				GCC_WARN_UNUSED_VARIABLE = YES;
				IPHONEOS_DEPLOYMENT_TARGET = 17.5;
				LOCALIZATION_PREFERS_STRING_CATALOGS = YES;
				MTL_ENABLE_DEBUG_INFO = INCLUDE_SOURCE;
				MTL_FAST_MATH = YES;
				ONLY_ACTIVE_ARCH = YES;
				SDKROOT = iphoneos;
				SWIFT_ACTIVE_COMPILATION_CONDITIONS = "DEBUG $(inherited)";
				SWIFT_OPTIMIZATION_LEVEL = "-Onone";
			};
			name = Debug;
		};
		8F60D5592C29E9F500114C2C /* Release */ = {
			isa = XCBuildConfiguration;
			buildSettings = {
				ALWAYS_SEARCH_USER_PATHS = NO;
				ASSETCATALOG_COMPILER_GENERATE_SWIFT_ASSET_SYMBOL_EXTENSIONS = YES;
				CLANG_ANALYZER_NONNULL = YES;
				CLANG_ANALYZER_NUMBER_OBJECT_CONVERSION = YES_AGGRESSIVE;
				CLANG_CXX_LANGUAGE_STANDARD = "gnu++20";
				CLANG_ENABLE_MODULES = YES;
				CLANG_ENABLE_OBJC_ARC = YES;
				CLANG_ENABLE_OBJC_WEAK = YES;
				CLANG_WARN_BLOCK_CAPTURE_AUTORELEASING = YES;
				CLANG_WARN_BOOL_CONVERSION = YES;
				CLANG_WARN_COMMA = YES;
				CLANG_WARN_CONSTANT_CONVERSION = YES;
				CLANG_WARN_DEPRECATED_OBJC_IMPLEMENTATIONS = YES;
				CLANG_WARN_DIRECT_OBJC_ISA_USAGE = YES_ERROR;
				CLANG_WARN_DOCUMENTATION_COMMENTS = YES;
				CLANG_WARN_EMPTY_BODY = YES;
				CLANG_WARN_ENUM_CONVERSION = YES;
				CLANG_WARN_INFINITE_RECURSION = YES;
				CLANG_WARN_INT_CONVERSION = YES;
				CLANG_WARN_NON_LITERAL_NULL_CONVERSION = YES;
				CLANG_WARN_OBJC_IMPLICIT_RETAIN_SELF = YES;
				CLANG_WARN_OBJC_LITERAL_CONVERSION = YES;
				CLANG_WARN_OBJC_ROOT_CLASS = YES_ERROR;
				CLANG_WARN_QUOTED_INCLUDE_IN_FRAMEWORK_HEADER = YES;
				CLANG_WARN_RANGE_LOOP_ANALYSIS = YES;
				CLANG_WARN_STRICT_PROTOTYPES = YES;
				CLANG_WARN_SUSPICIOUS_MOVE = YES;
				CLANG_WARN_UNGUARDED_AVAILABILITY = YES_AGGRESSIVE;
				CLANG_WARN_UNREACHABLE_CODE = YES;
				CLANG_WARN__DUPLICATE_METHOD_MATCH = YES;
				COPY_PHASE_STRIP = NO;
				DEBUG_INFORMATION_FORMAT = "dwarf-with-dsym";
				ENABLE_NS_ASSERTIONS = NO;
				ENABLE_STRICT_OBJC_MSGSEND = YES;
				ENABLE_USER_SCRIPT_SANDBOXING = YES;
				GCC_C_LANGUAGE_STANDARD = gnu17;
				GCC_NO_COMMON_BLOCKS = YES;
				GCC_WARN_64_TO_32_BIT_CONVERSION = YES;
				GCC_WARN_ABOUT_RETURN_TYPE = YES_ERROR;
				GCC_WARN_UNDECLARED_SELECTOR = YES;
				GCC_WARN_UNINITIALIZED_AUTOS = YES_AGGRESSIVE;
				GCC_WARN_UNUSED_FUNCTION = YES;
				GCC_WARN_UNUSED_VARIABLE = YES;
				IPHONEOS_DEPLOYMENT_TARGET = 17.5;
				LOCALIZATION_PREFERS_STRING_CATALOGS = YES;
				MTL_ENABLE_DEBUG_INFO = NO;
				MTL_FAST_MATH = YES;
				SDKROOT = iphoneos;
				SWIFT_COMPILATION_MODE = wholemodule;
				VALIDATE_PRODUCT = YES;
			};
			name = Release;
		};
		8F60D55B2C29E9F500114C2C /* Debug */ = {
			isa = XCBuildConfiguration;
			buildSettings = {
				ASSETCATALOG_COMPILER_APPICON_NAME = AppIcon;
				ASSETCATALOG_COMPILER_GLOBAL_ACCENT_COLOR_NAME = AccentColor;
				CODE_SIGN_STYLE = Automatic;
				CURRENT_PROJECT_VERSION = 1;
				DEVELOPMENT_ASSET_PATHS = "\"ChatAppDemo/Preview Content\"";
				DEVELOPMENT_TEAM = U7467NY9JG;
				ENABLE_PREVIEWS = YES;
				GENERATE_INFOPLIST_FILE = YES;
				INFOPLIST_KEY_UIApplicationSceneManifest_Generation = YES;
				INFOPLIST_KEY_UIApplicationSupportsIndirectInputEvents = YES;
				INFOPLIST_KEY_UILaunchScreen_Generation = YES;
				INFOPLIST_KEY_UISupportedInterfaceOrientations_iPad = "UIInterfaceOrientationPortrait UIInterfaceOrientationPortraitUpsideDown UIInterfaceOrientationLandscapeLeft UIInterfaceOrientationLandscapeRight";
				INFOPLIST_KEY_UISupportedInterfaceOrientations_iPhone = "UIInterfaceOrientationPortrait UIInterfaceOrientationLandscapeLeft UIInterfaceOrientationLandscapeRight";
				LD_RUNPATH_SEARCH_PATHS = (
					"$(inherited)",
					"@executable_path/Frameworks",
				);
				MARKETING_VERSION = 1.0;
				PRODUCT_BUNDLE_IDENTIFIER = web.id.marthin.ChatAppDemo;
				PRODUCT_NAME = "$(TARGET_NAME)";
				SWIFT_EMIT_LOC_STRINGS = YES;
				SWIFT_VERSION = 5.0;
				TARGETED_DEVICE_FAMILY = "1,2";
			};
			name = Debug;
		};
		8F60D55C2C29E9F500114C2C /* Release */ = {
			isa = XCBuildConfiguration;
			buildSettings = {
				ASSETCATALOG_COMPILER_APPICON_NAME = AppIcon;
				ASSETCATALOG_COMPILER_GLOBAL_ACCENT_COLOR_NAME = AccentColor;
				CODE_SIGN_STYLE = Automatic;
				CURRENT_PROJECT_VERSION = 1;
				DEVELOPMENT_ASSET_PATHS = "\"ChatAppDemo/Preview Content\"";
				DEVELOPMENT_TEAM = U7467NY9JG;
				ENABLE_PREVIEWS = YES;
				GENERATE_INFOPLIST_FILE = YES;
				INFOPLIST_KEY_UIApplicationSceneManifest_Generation = YES;
				INFOPLIST_KEY_UIApplicationSupportsIndirectInputEvents = YES;
				INFOPLIST_KEY_UILaunchScreen_Generation = YES;
				INFOPLIST_KEY_UISupportedInterfaceOrientations_iPad = "UIInterfaceOrientationPortrait UIInterfaceOrientationPortraitUpsideDown UIInterfaceOrientationLandscapeLeft UIInterfaceOrientationLandscapeRight";
				INFOPLIST_KEY_UISupportedInterfaceOrientations_iPhone = "UIInterfaceOrientationPortrait UIInterfaceOrientationLandscapeLeft UIInterfaceOrientationLandscapeRight";
				LD_RUNPATH_SEARCH_PATHS = (
					"$(inherited)",
					"@executable_path/Frameworks",
				);
				MARKETING_VERSION = 1.0;
				PRODUCT_BUNDLE_IDENTIFIER = web.id.marthin.ChatAppDemo;
				PRODUCT_NAME = "$(TARGET_NAME)";
				SWIFT_EMIT_LOC_STRINGS = YES;
				SWIFT_VERSION = 5.0;
				TARGETED_DEVICE_FAMILY = "1,2";
			};
			name = Release;
		};
/* End XCBuildConfiguration section */

/* Begin XCConfigurationList section */
		8F60D5472C29E9F400114C2C /* Build configuration list for PBXProject "ChatAppDemo" */ = {
			isa = XCConfigurationList;
			buildConfigurations = (
				8F60D5582C29E9F500114C2C /* Debug */,
				8F60D5592C29E9F500114C2C /* Release */,
			);
			defaultConfigurationIsVisible = 0;
			defaultConfigurationName = Release;
		};
		8F60D55A2C29E9F500114C2C /* Build configuration list for PBXNativeTarget "ChatAppDemo" */ = {
			isa = XCConfigurationList;
			buildConfigurations = (
				8F60D55B2C29E9F500114C2C /* Debug */,
				8F60D55C2C29E9F500114C2C /* Release */,
			);
			defaultConfigurationIsVisible = 0;
			defaultConfigurationName = Release;
		};
/* End XCConfigurationList section */

/* Begin XCRemoteSwiftPackageReference section */
		8F60D56B2C2A183500114C2C /* XCRemoteSwiftPackageReference "SwiftPhoenixClient" */ = {
			isa = XCRemoteSwiftPackageReference;
			repositoryURL = "https://github.com/davidstump/SwiftPhoenixClient.git";
			requirement = {
				kind = upToNextMajorVersion;
				minimumVersion = 5.3.2;
			};
		};
/* End XCRemoteSwiftPackageReference section */

/* Begin XCSwiftPackageProductDependency section */
		8F60D56C2C2A183500114C2C /* SwiftPhoenixClient */ = {
			isa = XCSwiftPackageProductDependency;
			package = 8F60D56B2C2A183500114C2C /* XCRemoteSwiftPackageReference "SwiftPhoenixClient" */;
			productName = SwiftPhoenixClient;
		};
/* End XCSwiftPackageProductDependency section */
	};
	rootObject = 8F60D5442C29E9F400114C2C /* Project object */;
}
